
Microsoft Visual Studio Solution File, Format Version 12.00
# Visual Studio 15
VisualStudioVersion = 15.0.26730.16
MinimumVisualStudioVersion = 10.0.40219.1
Project("{9A19103F-16F7-4668-BE54-9A1E7A4F7556}") = "ConsoleApp1", "ConsoleApp1\ConsoleApp1.csproj", "{6C268B2F-3890-4FE1-A7CE-3974AE5AD13B}"
EndProject
Project("{2150E333-8FDC-42A3-9474-1A3956D46DE8}") = "NewFolder1", "NewFolder1", "{686E7A88-C660-4AA4-AAC9-9AB232E630C8}"
EndProject
Global
	GlobalSection(SolutionConfigurationPlatforms) = preSolution
		Debug|Any CPU = Debug|Any CPU
		Release|Any CPU = Release|Any CPU
	EndGlobalSection
	GlobalSection(ProjectConfigurationPlatforms) = postSolution
		{6C268B2F-3890-4FE1-A7CE-3974AE5AD13B}.Debug|Any CPU.ActiveCfg = Debug|Any CPU
		{6C268B2F-3890-4FE1-A7CE-3974AE5AD13B}.Debug|Any CPU.Build.0 = Debug|Any CPU
		{6C268B2F-3890-4FE1-A7CE-3974AE5AD13B}.Release|Any CPU.ActiveCfg = Release|Any CPU
		{6C268B2F-3890-4FE1-A7CE-3974AE5AD13B}.Release|Any CPU.Build.0 = Release|Any CPU
	EndGlobalSection
	GlobalSection(SolutionProperties) = preSolution
		HideSolutionNode = FALSE
	EndGlobalSection
	GlobalSection(ExtensibilityGlobals) = postSolution
		SolutionGuid = {19461EF1-AB09-4711-BA18-48CD78458230}
	EndGlobalSection
EndGlobal
